
Microsoft Visual Studio Solution File, Format Version 12.00
# Visual Studio Version 16
VisualStudioVersion = 16.0.30225.117
MinimumVisualStudioVersion = 10.0.40219.1
Project("{9A19103F-16F7-4668-BE54-9A1E7A4F7556}") = "MyToDoApp", "MyToDoApp\MyToDoApp.csproj", "{F4810E1C-BA5A-443D-93D7-F1315907F078}"
EndProject
Project("{9A19103F-16F7-4668-BE54-9A1E7A4F7556}") = "EF", "EF\EF.csproj", "{3964D268-0F5F-45E9-BA75-53A9A3F65D38}"
EndProject
Project("{9A19103F-16F7-4668-BE54-9A1E7A4F7556}") = "TestProject", "XUnitTestProject2\TestProject.csproj", "{0086D8D3-40C0-4CCD-9793-65B9BD54F618}"
EndProject
Global
	GlobalSection(SolutionConfigurationPlatforms) = preSolution
		Debug|Any CPU = Debug|Any CPU
		Release|Any CPU = Release|Any CPU
	EndGlobalSection
	GlobalSection(ProjectConfigurationPlatforms) = postSolution
		{F4810E1C-BA5A-443D-93D7-F1315907F078}.Debug|Any CPU.ActiveCfg = Debug|Any CPU
		{F4810E1C-BA5A-443D-93D7-F1315907F078}.Debug|Any CPU.Build.0 = Debug|Any CPU
		{F4810E1C-BA5A-443D-93D7-F1315907F078}.Release|Any CPU.ActiveCfg = Release|Any CPU
		{F4810E1C-BA5A-443D-93D7-F1315907F078}.Release|Any CPU.Build.0 = Release|Any CPU
		{3964D268-0F5F-45E9-BA75-53A9A3F65D38}.Debug|Any CPU.ActiveCfg = Debug|Any CPU
		{3964D268-0F5F-45E9-BA75-53A9A3F65D38}.Debug|Any CPU.Build.0 = Debug|Any CPU
		{3964D268-0F5F-45E9-BA75-53A9A3F65D38}.Release|Any CPU.ActiveCfg = Release|Any CPU
		{3964D268-0F5F-45E9-BA75-53A9A3F65D38}.Release|Any CPU.Build.0 = Release|Any CPU
		{0086D8D3-40C0-4CCD-9793-65B9BD54F618}.Debug|Any CPU.ActiveCfg = Debug|Any CPU
		{0086D8D3-40C0-4CCD-9793-65B9BD54F618}.Debug|Any CPU.Build.0 = Debug|Any CPU
		{0086D8D3-40C0-4CCD-9793-65B9BD54F618}.Release|Any CPU.ActiveCfg = Release|Any CPU
		{0086D8D3-40C0-4CCD-9793-65B9BD54F618}.Release|Any CPU.Build.0 = Release|Any CPU
	EndGlobalSection
	GlobalSection(SolutionProperties) = preSolution
		HideSolutionNode = FALSE
	EndGlobalSection
	GlobalSection(ExtensibilityGlobals) = postSolution
		SolutionGuid = {513EABBC-1DE8-4075-BDD3-F03E4E94149E}
	EndGlobalSection
EndGlobal
